
Microsoft Visual Studio Solution File, Format Version 12.00
# Visual Studio Version 16
VisualStudioVersion = 16.0.30011.22
MinimumVisualStudioVersion = 10.0.40219.1
Project("{FAE04EC0-301F-11D3-BF4B-00C04F79EFBC}") = "tut10", "tut10\tut10.csproj", "{06AFC2C7-CD79-426D-90A8-2FE7E8F43F10}"
EndProject
Global
	GlobalSection(SolutionConfigurationPlatforms) = preSolution
		Debug|Any CPU = Debug|Any CPU
		Release|Any CPU = Release|Any CPU
	EndGlobalSection
	GlobalSection(ProjectConfigurationPlatforms) = postSolution
		{06AFC2C7-CD79-426D-90A8-2FE7E8F43F10}.Debug|Any CPU.ActiveCfg = Debug|Any CPU
		{06AFC2C7-CD79-426D-90A8-2FE7E8F43F10}.Debug|Any CPU.Build.0 = Debug|Any CPU
		{06AFC2C7-CD79-426D-90A8-2FE7E8F43F10}.Release|Any CPU.ActiveCfg = Release|Any CPU
		{06AFC2C7-CD79-426D-90A8-2FE7E8F43F10}.Release|Any CPU.Build.0 = Release|Any CPU
	EndGlobalSection
	GlobalSection(SolutionProperties) = preSolution
		HideSolutionNode = FALSE
	EndGlobalSection
	GlobalSection(ExtensibilityGlobals) = postSolution
		SolutionGuid = {4929617C-F45B-4F6E-8891-4FD3B3AD33CF}
	EndGlobalSection
EndGlobal
